# This is a Gradle generated file for dependency locking.
# Manual edits can break the build and are not advised.
# This file is expected to be part of source control.
# To regenerate this file, run: ./gradlew :dependencies --write-locks
aopalliance:aopalliance:1.0=precompiledScriptPluginAccessorsGenerationClasspath,runtimeClasspath,testRuntimeClasspath
app.cash.licensee:app.cash.licensee.gradle.plugin:1.14.1=compileClasspath,precompiledScriptPluginAccessorsGenerationClasspath,runtimeClasspath,testCompileClasspath,testRuntimeClasspath
app.cash.licensee:licensee-gradle-plugin:1.14.1=compileClasspath,precompiledScriptPluginAccessorsGenerationClasspath,runtimeClasspath,testCompileClasspath,testRuntimeClasspath
com.diffplug.durian:durian-collect:1.2.0=precompiledScriptPluginAccessorsGenerationClasspath,runtimeClasspath,testRuntimeClasspath
com.diffplug.durian:durian-core:1.2.0=precompiledScriptPluginAccessorsGenerationClasspath,runtimeClasspath,testRuntimeClasspath
com.diffplug.durian:durian-io:1.2.0=precompiledScriptPluginAccessorsGenerationClasspath,runtimeClasspath,testRuntimeClasspath
com.diffplug.durian:durian-swt.os:4.3.0=precompiledScriptPluginAccessorsGenerationClasspath,runtimeClasspath,testRuntimeClasspath
com.diffplug.spotless:com.diffplug.spotless.gradle.plugin:8.8.0=compileClasspath,precompiledScriptPluginAccessorsGenerationClasspath,runtimeClasspath,testCompileClasspath,testRuntimeClasspath
com.diffplug.spotless:spotless-lib-extra:4.8.0=compileClasspath,precompiledScriptPluginAccessorsGenerationClasspath,runtimeClasspath,testCompileClasspath,testRuntimeClasspath
com.diffplug.spotless:spotless-lib:4.8.0=compileClasspath,precompiledScriptPluginAccessorsGenerationClasspath,runtimeClasspath,testCompileClasspath,testRuntimeClasspath
com.diffplug.spotless:spotless-plugin-gradle:8.8.0=compileClasspath,precompiledScriptPluginAccessorsGenerationClasspath,runtimeClasspath,testCompileClasspath,testRuntimeClasspath
com.ethlo.time:itu:1.14.0=compileClasspath,precompiledScriptPluginAccessorsGenerationClasspath,runtimeClasspath,testCompileClasspath,testRuntimeClasspath
com.fasterxml.jackson.core:jackson-annotations:2.20=compileClasspath,precompiledScriptPluginAccessorsGenerationClasspath,runtimeClasspath,testCompileClasspath,testRuntimeClasspath
com.fasterxml.jackson.core:jackson-core:2.20.1=compileClasspath,precompiledScriptPluginAccessorsGenerationClasspath,runtimeClasspath,testCompileClasspath,testRuntimeClasspath
com.fasterxml.jackson.core:jackson-databind:2.20.1=compileClasspath,precompiledScriptPluginAccessorsGenerationClasspath,runtimeClasspath,testCompileClasspath,testRuntimeClasspath
com.fasterxml.jackson.dataformat:jackson-dataformat-xml:2.20.1=compileClasspath,precompiledScriptPluginAccessorsGenerationClasspath,runtimeClasspath,testCompileClasspath,testRuntimeClasspath
com.fasterxml.jackson.dataformat:jackson-dataformat-yaml:2.20.1=compileClasspath,precompiledScriptPluginAccessorsGenerationClasspath,runtimeClasspath,testCompileClasspath,testRuntimeClasspath
com.fasterxml.jackson:jackson-bom:2.20.1=compileClasspath,precompiledScriptPluginAccessorsGenerationClasspath,runtimeClasspath,testCompileClasspath,testRuntimeClasspath
com.fasterxml.woodstox:woodstox-core:7.1.1=compileClasspath,precompiledScriptPluginAccessorsGenerationClasspath,runtimeClasspath,testCompileClasspath,testRuntimeClasspath
com.github.ben-manes.versions:com.github.ben-manes.versions.gradle.plugin:0.54.0=compileClasspath,precompiledScriptPluginAccessorsGenerationClasspath,runtimeClasspath,testCompileClasspath,testRuntimeClasspath
com.github.ben-manes:gradle-versions-plugin:0.54.0=compileClasspath,precompiledScriptPluginAccessorsGenerationClasspath,runtimeClasspath,testCompileClasspath,testRuntimeClasspath
com.github.package-url:packageurl-java:1.5.0=compileClasspath,precompiledScriptPluginAccessorsGenerationClasspath,runtimeClasspath,testCompileClasspath,testRuntimeClasspath
com.google.guava:failureaccess:1.0.3=precompiledScriptPluginAccessorsGenerationClasspath,runtimeClasspath,testRuntimeClasspath
com.google.guava:guava:33.5.0-jre=precompiledScriptPluginAccessorsGenerationClasspath,runtimeClasspath,testRuntimeClasspath
com.google.inject:guice:5.1.0=precompiledScriptPluginAccessorsGenerationClasspath,runtimeClasspath,testRuntimeClasspath
com.googlecode.concurrent-trees:concurrent-trees:2.6.1=precompiledScriptPluginAccessorsGenerationClasspath,runtimeClasspath,testRuntimeClasspath
com.googlecode.javaewah:JavaEWAH:1.2.3=precompiledScriptPluginAccessorsGenerationClasspath,runtimeClasspath,testRuntimeClasspath
com.networknt:json-schema-validator:1.5.9=compileClasspath,precompiledScriptPluginAccessorsGenerationClasspath,runtimeClasspath,testCompileClasspath,testRuntimeClasspath
com.squareup.moshi:moshi-kotlin:1.12.0=precompiledScriptPluginAccessorsGenerationClasspath,runtimeClasspath,testRuntimeClasspath
com.squareup.moshi:moshi:1.12.0=precompiledScriptPluginAccessorsGenerationClasspath,runtimeClasspath,testRuntimeClasspath
com.squareup.okhttp3:logging-interceptor:5.3.2=compileClasspath,precompiledScriptPluginAccessorsGenerationClasspath,runtimeClasspath,testCompileClasspath,testRuntimeClasspath
com.squareup.okhttp3:okhttp-bom:5.3.2=compileClasspath,precompiledScriptPluginAccessorsGenerationClasspath,runtimeClasspath,testCompileClasspath,testRuntimeClasspath
com.squareup.okhttp3:okhttp-jvm:5.3.2=compileClasspath,precompiledScriptPluginAccessorsGenerationClasspath,runtimeClasspath,testCompileClasspath,testRuntimeClasspath
com.squareup.okhttp3:okhttp:5.3.2=compileClasspath,precompiledScriptPluginAccessorsGenerationClasspath,runtimeClasspath,testCompileClasspath,testRuntimeClasspath
com.squareup.okio:okio-jvm:3.16.4=compileClasspath,precompiledScriptPluginAccessorsGenerationClasspath,runtimeClasspath,testCompileClasspath,testRuntimeClasspath
com.squareup.okio:okio:3.16.4=compileClasspath,precompiledScriptPluginAccessorsGenerationClasspath,runtimeClasspath,testCompileClasspath,testRuntimeClasspath
commons-codec:commons-codec:1.20.0=compileClasspath,testCompileClasspath
commons-codec:commons-codec:1.22.0=precompiledScriptPluginAccessorsGenerationClasspath,runtimeClasspath,testRuntimeClasspath
commons-io:commons-io:2.21.0=compileClasspath,precompiledScriptPluginAccessorsGenerationClasspath,runtimeClasspath,testCompileClasspath,testRuntimeClasspath
dev.drewhamilton.poko:poko-annotations-jvm:0.18.7=precompiledScriptPluginAccessorsGenerationClasspath,runtimeClasspath,testRuntimeClasspath
dev.drewhamilton.poko:poko-annotations:0.18.7=precompiledScriptPluginAccessorsGenerationClasspath,runtimeClasspath,testRuntimeClasspath
dev.equo.ide:solstice:1.8.2=precompiledScriptPluginAccessorsGenerationClasspath,runtimeClasspath,testRuntimeClasspath
io.freefair.gradle:maven-plugin:9.5.0=compileClasspath,precompiledScriptPluginAccessorsGenerationClasspath,runtimeClasspath,testCompileClasspath,testRuntimeClasspath
io.freefair.gradle:okhttp-plugin:9.5.0=compileClasspath,precompiledScriptPluginAccessorsGenerationClasspath,runtimeClasspath,testCompileClasspath,testRuntimeClasspath
io.freefair.maven-central.validate-poms:io.freefair.maven-central.validate-poms.gradle.plugin:9.5.0=compileClasspath,precompiledScriptPluginAccessorsGenerationClasspath,runtimeClasspath,testCompileClasspath,testRuntimeClasspath
io.github.java-diff-utils:java-diff-utils:4.12=kotlinInternalAbiValidation
javax.inject:javax.inject:1=precompiledScriptPluginAccessorsGenerationClasspath,runtimeClasspath,testRuntimeClasspath
org.apache.commons:commons-collections4:4.5.0=compileClasspath,precompiledScriptPluginAccessorsGenerationClasspath,runtimeClasspath,testCompileClasspath,testRuntimeClasspath
org.apache.commons:commons-lang3:3.19.0=compileClasspath,precompiledScriptPluginAccessorsGenerationClasspath,runtimeClasspath,testCompileClasspath,testRuntimeClasspath
org.apache.maven.resolver:maven-resolver-api:1.9.25=precompiledScriptPluginAccessorsGenerationClasspath,runtimeClasspath,testRuntimeClasspath
org.apache.maven.resolver:maven-resolver-impl:1.9.25=precompiledScriptPluginAccessorsGenerationClasspath,runtimeClasspath,testRuntimeClasspath
org.apache.maven.resolver:maven-resolver-named-locks:1.9.25=precompiledScriptPluginAccessorsGenerationClasspath,runtimeClasspath,testRuntimeClasspath
org.apache.maven.resolver:maven-resolver-spi:1.9.25=precompiledScriptPluginAccessorsGenerationClasspath,runtimeClasspath,testRuntimeClasspath
org.apache.maven.resolver:maven-resolver-util:1.9.25=precompiledScriptPluginAccessorsGenerationClasspath,runtimeClasspath,testRuntimeClasspath
org.apache.maven.shared:maven-shared-utils:3.4.2=precompiledScriptPluginAccessorsGenerationClasspath,runtimeClasspath,testRuntimeClasspath
org.apache.maven:maven-artifact:3.9.15=precompiledScriptPluginAccessorsGenerationClasspath,runtimeClasspath,testRuntimeClasspath
org.apache.maven:maven-builder-support:3.9.12=precompiledScriptPluginAccessorsGenerationClasspath,runtimeClasspath,testRuntimeClasspath
org.apache.maven:maven-core:3.9.12=precompiledScriptPluginAccessorsGenerationClasspath,runtimeClasspath,testRuntimeClasspath
org.apache.maven:maven-model-builder:3.9.12=precompiledScriptPluginAccessorsGenerationClasspath,runtimeClasspath,testRuntimeClasspath
org.apache.maven:maven-model:3.9.15=precompiledScriptPluginAccessorsGenerationClasspath,runtimeClasspath,testRuntimeClasspath
org.apache.maven:maven-plugin-api:3.9.12=precompiledScriptPluginAccessorsGenerationClasspath,runtimeClasspath,testRuntimeClasspath
org.apache.maven:maven-repository-metadata:3.9.12=precompiledScriptPluginAccessorsGenerationClasspath,runtimeClasspath,testRuntimeClasspath
org.apache.maven:maven-resolver-provider:3.9.12=precompiledScriptPluginAccessorsGenerationClasspath,runtimeClasspath,testRuntimeClasspath
org.apache.maven:maven-settings-builder:3.9.12=precompiledScriptPluginAccessorsGenerationClasspath,runtimeClasspath,testRuntimeClasspath
org.apache.maven:maven-settings:3.9.12=precompiledScriptPluginAccessorsGenerationClasspath,runtimeClasspath,testRuntimeClasspath
org.codehaus.plexus:plexus-cipher:2.0=precompiledScriptPluginAccessorsGenerationClasspath,runtimeClasspath,testRuntimeClasspath
org.codehaus.plexus:plexus-classworlds:2.9.0=precompiledScriptPluginAccessorsGenerationClasspath,runtimeClasspath,testRuntimeClasspath
org.codehaus.plexus:plexus-component-annotations:2.2.0=precompiledScriptPluginAccessorsGenerationClasspath,runtimeClasspath,testRuntimeClasspath
org.codehaus.plexus:plexus-interpolation:1.29=precompiledScriptPluginAccessorsGenerationClasspath,runtimeClasspath,testRuntimeClasspath
org.codehaus.plexus:plexus-sec-dispatcher:2.0=precompiledScriptPluginAccessorsGenerationClasspath,runtimeClasspath,testRuntimeClasspath
org.codehaus.plexus:plexus-utils:3.6.1=precompiledScriptPluginAccessorsGenerationClasspath,runtimeClasspath,testRuntimeClasspath
org.codehaus.woodstox:stax2-api:4.2.2=compileClasspath,precompiledScriptPluginAccessorsGenerationClasspath,runtimeClasspath,testCompileClasspath,testRuntimeClasspath
org.cyclonedx.bom:org.cyclonedx.bom.gradle.plugin:3.2.2=compileClasspath,precompiledScriptPluginAccessorsGenerationClasspath,runtimeClasspath,testCompileClasspath,testRuntimeClasspath
org.cyclonedx:cyclonedx-core-java:11.0.1=compileClasspath,precompiledScriptPluginAccessorsGenerationClasspath,runtimeClasspath,testCompileClasspath,testRuntimeClasspath
org.cyclonedx:cyclonedx-gradle-plugin:3.2.2=compileClasspath,precompiledScriptPluginAccessorsGenerationClasspath,runtimeClasspath,testCompileClasspath,testRuntimeClasspath
org.eclipse.jgit:org.eclipse.jgit:7.7.0.202606012155-r=precompiledScriptPluginAccessorsGenerationClasspath,runtimeClasspath,testRuntimeClasspath
org.eclipse.platform:org.eclipse.osgi:3.24.200=precompiledScriptPluginAccessorsGenerationClasspath,runtimeClasspath,testRuntimeClasspath
org.eclipse.sisu:org.eclipse.sisu.inject:0.9.0.M4=precompiledScriptPluginAccessorsGenerationClasspath,runtimeClasspath,testRuntimeClasspath
org.eclipse.sisu:org.eclipse.sisu.plexus:0.9.0.M4=precompiledScriptPluginAccessorsGenerationClasspath,runtimeClasspath,testRuntimeClasspath
org.jetbrains.kotlin:abi-tools-api:2.3.21=kotlinInternalAbiValidation
org.jetbrains.kotlin:abi-tools:2.3.21=kotlinInternalAbiValidation
org.jetbrains.kotlin:kotlin-assignment-compiler-plugin-embeddable:2.3.21=kotlinCompilerPluginClasspathMain,kotlinCompilerPluginClasspathTest
org.jetbrains.kotlin:kotlin-bom:2.0.21=precompiledScriptPluginAccessorsGenerationClasspath,runtimeClasspath,testRuntimeClasspath
org.jetbrains.kotlin:kotlin-build-tools-api:2.3.21=kotlinBuildToolsApiClasspath,kotlinCompilerClasspath
org.jetbrains.kotlin:kotlin-build-tools-compat:2.3.21=kotlinBuildToolsApiClasspath,kotlinCompilerClasspath
org.jetbrains.kotlin:kotlin-build-tools-cri-impl:2.3.21=kotlinBuildToolsApiClasspath,kotlinCompilerClasspath
org.jetbrains.kotlin:kotlin-build-tools-impl:2.3.21=kotlinBuildToolsApiClasspath,kotlinCompilerClasspath
org.jetbrains.kotlin:kotlin-compiler-embeddable:2.3.21=kotlinBuildToolsApiClasspath,kotlinCompilerClasspath,kotlinKlibCommonizerClasspath
org.jetbrains.kotlin:kotlin-compiler-runner:2.3.21=kotlinBuildToolsApiClasspath,kotlinCompilerClasspath
org.jetbrains.kotlin:kotlin-daemon-client:2.3.21=kotlinBuildToolsApiClasspath,kotlinCompilerClasspath
org.jetbrains.kotlin:kotlin-daemon-embeddable:2.3.21=kotlinBuildToolsApiClasspath,kotlinCompilerClasspath,kotlinKlibCommonizerClasspath
org.jetbrains.kotlin:kotlin-klib-abi-reader:2.3.21=kotlinInternalAbiValidation
org.jetbrains.kotlin:kotlin-klib-commonizer-embeddable:2.3.21=kotlinKlibCommonizerClasspath
org.jetbrains.kotlin:kotlin-metadata-jvm:2.3.21=kotlinInternalAbiValidation
org.jetbrains.kotlin:kotlin-reflect:1.6.10=kotlinBuildToolsApiClasspath,kotlinCompilerClasspath,kotlinKlibCommonizerClasspath
org.jetbrains.kotlin:kotlin-reflect:2.0.21=runtimeClasspath
org.jetbrains.kotlin:kotlin-reflect:2.3.21=compileClasspath,embeddedKotlin,precompiledScriptPluginAccessorsGenerationClasspath,testCompileClasspath,testRuntimeClasspath
org.jetbrains.kotlin:kotlin-sam-with-receiver-compiler-plugin-embeddable:2.3.21=kotlinCompilerPluginClasspathMain,kotlinCompilerPluginClasspathTest
org.jetbrains.kotlin:kotlin-script-runtime:2.3.21=compilePluginsBlocksPluginClasspathElements,kotlinBuildToolsApiClasspath,kotlinCompilerClasspath,kotlinCompilerPluginClasspathMain,kotlinCompilerPluginClasspathTest,kotlinKlibCommonizerClasspath
org.jetbrains.kotlin:kotlin-scripting-common:2.3.21=compilePluginsBlocksPluginClasspathElements,kotlinCompilerPluginClasspathMain,kotlinCompilerPluginClasspathTest
org.jetbrains.kotlin:kotlin-scripting-compiler-embeddable:2.3.21=compilePluginsBlocksPluginClasspathElements,kotlinCompilerPluginClasspathMain,kotlinCompilerPluginClasspathTest
org.jetbrains.kotlin:kotlin-scripting-compiler-impl-embeddable:2.3.21=compilePluginsBlocksPluginClasspathElements,kotlinCompilerPluginClasspathMain,kotlinCompilerPluginClasspathTest
org.jetbrains.kotlin:kotlin-scripting-jvm:2.3.21=compilePluginsBlocksPluginClasspathElements,kotlinCompilerPluginClasspathMain,kotlinCompilerPluginClasspathTest
org.jetbrains.kotlin:kotlin-stdlib:2.2.21=runtimeClasspath
org.jetbrains.kotlin:kotlin-stdlib:2.3.21=compileClasspath,compilePluginsBlocksPluginClasspathElements,embeddedKotlin,kotlinBuildToolsApiClasspath,kotlinCompilerClasspath,kotlinCompilerPluginClasspathMain,kotlinCompilerPluginClasspathTest,kotlinInternalAbiValidation,kotlinKlibCommonizerClasspath,precompiledScriptPluginAccessorsGenerationClasspath,testCompileClasspath,testRuntimeClasspath
org.jetbrains.kotlin:kotlin-tooling-core:2.3.21=kotlinBuildToolsApiClasspath,kotlinCompilerClasspath
org.jetbrains.kotlinx:kotlinx-coroutines-core-jvm:1.8.0=kotlinBuildToolsApiClasspath,kotlinCompilerClasspath,kotlinKlibCommonizerClasspath
org.jetbrains.kotlinx:kotlinx-serialization-bom:1.8.1=precompiledScriptPluginAccessorsGenerationClasspath,runtimeClasspath,testRuntimeClasspath
org.jetbrains.kotlinx:kotlinx-serialization-core-jvm:1.8.1=precompiledScriptPluginAccessorsGenerationClasspath,runtimeClasspath,testRuntimeClasspath
org.jetbrains.kotlinx:kotlinx-serialization-core:1.8.1=precompiledScriptPluginAccessorsGenerationClasspath,runtimeClasspath,testRuntimeClasspath
org.jetbrains.kotlinx:kotlinx-serialization-json-jvm:1.8.1=precompiledScriptPluginAccessorsGenerationClasspath,runtimeClasspath,testRuntimeClasspath
org.jetbrains.kotlinx:kotlinx-serialization-json:1.8.1=precompiledScriptPluginAccessorsGenerationClasspath,runtimeClasspath,testRuntimeClasspath
org.jetbrains:annotations:13.0=compileClasspath,compilePluginsBlocksPluginClasspathElements,embeddedKotlin,kotlinBuildToolsApiClasspath,kotlinCompilerClasspath,kotlinCompilerPluginClasspathMain,kotlinCompilerPluginClasspathTest,kotlinInternalAbiValidation,kotlinKlibCommonizerClasspath,precompiledScriptPluginAccessorsGenerationClasspath,runtimeClasspath,testCompileClasspath,testRuntimeClasspath
org.jspecify:jspecify:1.0.0=compileClasspath,precompiledScriptPluginAccessorsGenerationClasspath,runtimeClasspath,testCompileClasspath,testRuntimeClasspath
org.ow2.asm:asm:9.9=precompiledScriptPluginAccessorsGenerationClasspath,runtimeClasspath,testRuntimeClasspath
org.slf4j:slf4j-api:2.0.17=compileClasspath,testCompileClasspath
org.slf4j:slf4j-api:2.0.18=precompiledScriptPluginAccessorsGenerationClasspath,runtimeClasspath,testRuntimeClasspath
org.tukaani:xz:1.9=precompiledScriptPluginAccessorsGenerationClasspath,runtimeClasspath,testRuntimeClasspath
org.yaml:snakeyaml:2.4=compileClasspath,precompiledScriptPluginAccessorsGenerationClasspath,runtimeClasspath,testCompileClasspath,testRuntimeClasspath
empty=annotationProcessor,combinedGraphClasspath,implementationDependenciesMetadata,kotlinCompilerPluginClasspath,kotlinNativeCompilerPluginClasspath,kotlinScriptDefExtensions,projectHealthClasspath,projectMetadataClasspath,publicClassesClasspath,resolvedDepsClasspath,testAnnotationProcessor,testImplementationDependenciesMetadata,testKotlinScriptDefExtensions,typeUsageClasspath
