# This is a Gradle generated file for dependency locking.
# Manual edits can break the build and are not advised.
# This file is expected to be part of source control.
# To regenerate this file, run: ./gradlew :groovy:dependencies --write-locks
com.github.javaparser:javaparser-core:3.27.1=codenarc
com.thoughtworks.qdox:qdox:2.2.0=codenarc
io.leangen.geantyref:geantyref:1.3.16=testRuntimeClasspath
org.apache.ant:ant-antlr:1.10.15=codenarc
org.apache.ant:ant-junit:1.10.15=codenarc
org.apache.groovy:groovy-ant:5.0.3=codenarc
org.apache.groovy:groovy-bom:5.0.3=codenarc
org.apache.groovy:groovy-bom:5.0.7=compileClasspath,runtimeClasspath,testCompileClasspath,testRuntimeClasspath
org.apache.groovy:groovy-docgenerator:5.0.3=codenarc
org.apache.groovy:groovy-groovydoc:5.0.3=codenarc
org.apache.groovy:groovy-json:5.0.3=codenarc
org.apache.groovy:groovy-templates:5.0.3=codenarc
org.apache.groovy:groovy-xml:5.0.3=codenarc
org.apache.groovy:groovy:5.0.3=codenarc
org.apache.groovy:groovy:5.0.7=compileClasspath,runtimeClasspath,testCompileClasspath,testRuntimeClasspath
org.apiguardian:apiguardian-api:1.1.2=testCompileClasspath
org.codenarc:CodeNarc:4.0.0=codenarc
org.gmetrics:GMetrics:3.0.0=codenarc
org.hamcrest:hamcrest:3.0=testCompileClasspath,testRuntimeClasspath
org.jacoco:org.jacoco.agent:0.8.15=jacocoAgent,jacocoAnt
org.jacoco:org.jacoco.ant:0.8.15=jacocoAnt
org.jacoco:org.jacoco.core:0.8.15=jacocoAnt
org.jacoco:org.jacoco.report:0.8.15=jacocoAnt
org.jetbrains.kotlin:kotlin-metadata-jvm:2.3.0=dependencyAnalysisKotlinMetadataClasspath
org.jspecify:jspecify:1.0.1=compileClasspath,runtimeClasspath,testCompileClasspath,testRuntimeClasspath
org.junit.platform:junit-platform-commons:6.1.2=testCompileClasspath,testRuntimeClasspath
org.junit.platform:junit-platform-engine:6.1.2=testCompileClasspath,testRuntimeClasspath
org.junit.platform:junit-platform-launcher:6.1.2=testRuntimeClasspath
org.junit:junit-bom:6.1.2=testCompileClasspath,testRuntimeClasspath
org.opentest4j:opentest4j:1.3.0=testCompileClasspath,testRuntimeClasspath
org.ow2.asm:asm-commons:9.10.1=jacocoAnt
org.ow2.asm:asm-tree:9.10.1=jacocoAnt
org.ow2.asm:asm:9.10.1=jacocoAnt
org.spockframework:spock-bom:2.4-groovy-5.0=testCompileClasspath,testRuntimeClasspath
org.spockframework:spock-core:2.4-groovy-5.0=testCompileClasspath,testRuntimeClasspath
empty=annotationProcessor,cyclonedxBom,testAnnotationProcessor
